// !$*UTF8*$!
{
	archiveVersion = 1;
	classes = {
	};
	objectVersion = 60;
	objects = {

/* Begin PBXBuildFile section */
		D00A44702C91787900E40C3B /* AppDelegate.swift in Sources */ = {isa = PBXBuildFile; fileRef = D00A446F2C91787900E40C3B /* AppDelegate.swift */; };
		D00A44722C91787900E40C3B /* SceneDelegate.swift in Sources */ = {isa = PBXBuildFile; fileRef = D00A44712C91787900E40C3B /* SceneDelegate.swift */; };
		D00A44742C91787900E40C3B /* ViewController.swift in Sources */ = {isa = PBXBuildFile; fileRef = D00A44732C91787900E40C3B /* ViewController.swift */; };
		D00A44772C91787900E40C3B /* Base in Resources */ = {isa = PBXBuildFile; fileRef = D00A44762C91787900E40C3B /* Base */; };
		D00A44792C91787B00E40C3B /* Assets.xcassets in Resources */ = {isa = PBXBuildFile; fileRef = D00A44782C91787B00E40C3B /* Assets.xcassets */; };
		D00A447C2C91787B00E40C3B /* Base in Resources */ = {isa = PBXBuildFile; fileRef = D00A447B2C91787B00E40C3B /* Base */; };
		D00A44872C91797400E40C3B /* RealmSwift in Frameworks */ = {isa = PBXBuildFile; productRef = D00A44862C91797400E40C3B /* RealmSwift */; };
		D00A44892C917AAB00E40C3B /* ShoppingItem.swift in Sources */ = {isa = PBXBuildFile; fileRef = D00A44882C917AAB00E40C3B /* ShoppingItem.swift */; };
		D027B6012C92891C00559B3C /* ItemTableViewCell.swift in Sources */ = {isa = PBXBuildFile; fileRef = D027B5FF2C92891C00559B3C /* ItemTableViewCell.swift */; };
		D027B6022C92891C00559B3C /* ItemTableViewCell.xib in Resources */ = {isa = PBXBuildFile; fileRef = D027B6002C92891C00559B3C /* ItemTableViewCell.xib */; };
		D027B6042C92A55100559B3C /* NewItemViewController.swift in Sources */ = {isa = PBXBuildFile; fileRef = D027B6032C92A55100559B3C /* NewItemViewController.swift */; };
/* End PBXBuildFile section */

/* Begin PBXFileReference section */
		D00A446C2C91787900E40C3B /* RealmKakeibo.app */ = {isa = PBXFileReference; explicitFileType = wrapper.application; includeInIndex = 0; path = RealmKakeibo.app; sourceTree = BUILT_PRODUCTS_DIR; };
		D00A446F2C91787900E40C3B /* AppDelegate.swift */ = {isa = PBXFileReference; lastKnownFileType = sourcecode.swift; path = AppDelegate.swift; sourceTree = "<group>"; };
		D00A44712C91787900E40C3B /* SceneDelegate.swift */ = {isa = PBXFileReference; lastKnownFileType = sourcecode.swift; path = SceneDelegate.swift; sourceTree = "<group>"; };
		D00A44732C91787900E40C3B /* ViewController.swift */ = {isa = PBXFileReference; lastKnownFileType = sourcecode.swift; path = ViewController.swift; sourceTree = "<group>"; };
		D00A44762C91787900E40C3B /* Base */ = {isa = PBXFileReference; lastKnownFileType = file.storyboard; name = Base; path = Base.lproj/Main.storyboard; sourceTree = "<group>"; };
		D00A44782C91787B00E40C3B /* Assets.xcassets */ = {isa = PBXFileReference; lastKnownFileType = folder.assetcatalog; path = Assets.xcassets; sourceTree = "<group>"; };
		D00A447B2C91787B00E40C3B /* Base */ = {isa = PBXFileReference; lastKnownFileType = file.storyboard; name = Base; path = Base.lproj/LaunchScreen.storyboard; sourceTree = "<group>"; };
		D00A447D2C91787B00E40C3B /* Info.plist */ = {isa = PBXFileReference; lastKnownFileType = text.plist.xml; path = Info.plist; sourceTree = "<group>"; };
		D00A44882C917AAB00E40C3B /* ShoppingItem.swift */ = {isa = PBXFileReference; lastKnownFileType = sourcecode.swift; path = ShoppingItem.swift; sourceTree = "<group>"; };
		D027B5FF2C92891C00559B3C /* ItemTableViewCell.swift */ = {isa = PBXFileReference; lastKnownFileType = sourcecode.swift; path = ItemTableViewCell.swift; sourceTree = "<group>"; };
		D027B6002C92891C00559B3C /* ItemTableViewCell.xib */ = {isa = PBXFileReference; lastKnownFileType = file.xib; path = ItemTableViewCell.xib; sourceTree = "<group>"; };
		D027B6032C92A55100559B3C /* NewItemViewController.swift */ = {isa = PBXFileReference; lastKnownFileType = sourcecode.swift; path = NewItemViewController.swift; sourceTree = "<group>"; };
/* End PBXFileReference section */

/* Begin PBXFrameworksBuildPhase section */
		D00A44692C91787900E40C3B /* Frameworks */ = {
			isa = PBXFrameworksBuildPhase;
			buildActionMask = 2147483647;
			files = (
				D00A44872C91797400E40C3B /* RealmSwift in Frameworks */,
			);
			runOnlyForDeploymentPostprocessing = 0;
		};
/* End PBXFrameworksBuildPhase section */

/* Begin PBXGroup section */
		D00A44632C91787900E40C3B = {
			isa = PBXGroup;
			children = (
				D00A446E2C91787900E40C3B /* RealmKakeibo */,
				D00A446D2C91787900E40C3B /* Products */,
			);
			sourceTree = "<group>";
		};
		D00A446D2C91787900E40C3B /* Products */ = {
			isa = PBXGroup;
			children = (
				D00A446C2C91787900E40C3B /* RealmKakeibo.app */,
			);
			name = Products;
			sourceTree = "<group>";
		};
		D00A446E2C91787900E40C3B /* RealmKakeibo */ = {
			isa = PBXGroup;
			children = (
				D00A446F2C91787900E40C3B /* AppDelegate.swift */,
				D00A44712C91787900E40C3B /* SceneDelegate.swift */,
				D00A44732C91787900E40C3B /* ViewController.swift */,
				D00A44752C91787900E40C3B /* Main.storyboard */,
				D00A44782C91787B00E40C3B /* Assets.xcassets */,
				D00A447A2C91787B00E40C3B /* LaunchScreen.storyboard */,
				D00A447D2C91787B00E40C3B /* Info.plist */,
				D00A44882C917AAB00E40C3B /* ShoppingItem.swift */,
				D027B5FF2C92891C00559B3C /* ItemTableViewCell.swift */,
				D027B6002C92891C00559B3C /* ItemTableViewCell.xib */,
				D027B6032C92A55100559B3C /* NewItemViewController.swift */,
			);
			path = RealmKakeibo;
			sourceTree = "<group>";
		};
/* End PBXGroup section */

/* Begin PBXNativeTarget section */
		D00A446B2C91787900E40C3B /* RealmKakeibo */ = {
			isa = PBXNativeTarget;
			buildConfigurationList = D00A44802C91787B00E40C3B /* Build configuration list for PBXNativeTarget "RealmKakeibo" */;
			buildPhases = (
				D00A44682C91787900E40C3B /* Sources */,
				D00A44692C91787900E40C3B /* Frameworks */,
				D00A446A2C91787900E40C3B /* Resources */,
			);
			buildRules = (
			);
			dependencies = (
			);
			name = RealmKakeibo;
			packageProductDependencies = (
				D00A44862C91797400E40C3B /* RealmSwift */,
			);
			productName = RealmKakeibo;
			productReference = D00A446C2C91787900E40C3B /* RealmKakeibo.app */;
			productType = "com.apple.product-type.application";
		};
/* End PBXNativeTarget section */

/* Begin PBXProject section */
		D00A44642C91787900E40C3B /* Project object */ = {
			isa = PBXProject;
			attributes = {
				BuildIndependentTargetsInParallel = 1;
				LastSwiftUpdateCheck = 1540;
				LastUpgradeCheck = 1540;
				TargetAttributes = {
					D00A446B2C91787900E40C3B = {
						CreatedOnToolsVersion = 15.4;
					};
				};
			};
			buildConfigurationList = D00A44672C91787900E40C3B /* Build configuration list for PBXProject "RealmKakeibo" */;
			compatibilityVersion = "Xcode 14.0";
			developmentRegion = en;
			hasScannedForEncodings = 0;
			knownRegions = (
				en,
				Base,
			);
			mainGroup = D00A44632C91787900E40C3B;
			packageReferences = (
				D00A44832C91797400E40C3B /* XCLocalSwiftPackageReference "../../Downloads/realm-swift-master" */,
			);
			productRefGroup = D00A446D2C91787900E40C3B /* Products */;
			projectDirPath = "";
			projectRoot = "";
			targets = (
				D00A446B2C91787900E40C3B /* RealmKakeibo */,
			);
		};
/* End PBXProject section */

/* Begin PBXResourcesBuildPhase section */
		D00A446A2C91787900E40C3B /* Resources */ = {
			isa = PBXResourcesBuildPhase;
			buildActionMask = 2147483647;
			files = (
				D027B6022C92891C00559B3C /* ItemTableViewCell.xib in Resources */,
				D00A44792C91787B00E40C3B /* Assets.xcassets in Resources */,
				D00A447C2C91787B00E40C3B /* Base in Resources */,
				D00A44772C91787900E40C3B /* Base in Resources */,
			);
			runOnlyForDeploymentPostprocessing = 0;
		};
/* End PBXResourcesBuildPhase section */

/* Begin PBXSourcesBuildPhase section */
		D00A44682C91787900E40C3B /* Sources */ = {
			isa = PBXSourcesBuildPhase;
			buildActionMask = 2147483647;
			files = (
				D00A44892C917AAB00E40C3B /* ShoppingItem.swift in Sources */,
				D00A44742C91787900E40C3B /* ViewController.swift in Sources */,
				D027B6042C92A55100559B3C /* NewItemViewController.swift in Sources */,
				D027B6012C92891C00559B3C /* ItemTableViewCell.swift in Sources */,
				D00A44702C91787900E40C3B /* AppDelegate.swift in Sources */,
				D00A44722C91787900E40C3B /* SceneDelegate.swift in Sources */,
			);
			runOnlyForDeploymentPostprocessing = 0;
		};
/* End PBXSourcesBuildPhase section */

/* Begin PBXVariantGroup section */
		D00A44752C91787900E40C3B /* Main.storyboard */ = {
			isa = PBXVariantGroup;
			children = (
				D00A44762C91787900E40C3B /* Base */,
			);
			name = Main.storyboard;
			sourceTree = "<group>";
		};
		D00A447A2C91787B00E40C3B /* LaunchScreen.storyboard */ = {
			isa = PBXVariantGroup;
			children = (
				D00A447B2C91787B00E40C3B /* Base */,
			);
			name = LaunchScreen.storyboard;
			sourceTree = "<group>";
		};
/* End PBXVariantGroup section */

/* Begin XCBuildConfiguration section */
		D00A447E2C91787B00E40C3B /* Debug */ = {
			isa = XCBuildConfiguration;
			buildSettings = {
				ALWAYS_SEARCH_USER_PATHS = NO;
				ASSETCATALOG_COMPILER_GENERATE_SWIFT_ASSET_SYMBOL_EXTENSIONS = YES;
				CLANG_ANALYZER_NONNULL = YES;
				CLANG_ANALYZER_NUMBER_OBJECT_CONVERSION = YES_AGGRESSIVE;
				CLANG_CXX_LANGUAGE_STANDARD = "gnu++20";
				CLANG_ENABLE_MODULES = YES;
				CLANG_ENABLE_OBJC_ARC = YES;
				CLANG_ENABLE_OBJC_WEAK = YES;
				CLANG_WARN_BLOCK_CAPTURE_AUTORELEASING = YES;
				CLANG_WARN_BOOL_CONVERSION = YES;
				CLANG_WARN_COMMA = YES;
				CLANG_WARN_CONSTANT_CONVERSION = YES;
				CLANG_WARN_DEPRECATED_OBJC_IMPLEMENTATIONS = YES;
				CLANG_WARN_DIRECT_OBJC_ISA_USAGE = YES_ERROR;
				CLANG_WARN_DOCUMENTATION_COMMENTS = YES;
				CLANG_WARN_EMPTY_BODY = YES;
				CLANG_WARN_ENUM_CONVERSION = YES;
				CLANG_WARN_INFINITE_RECURSION = YES;
				CLANG_WARN_INT_CONVERSION = YES;
				CLANG_WARN_NON_LITERAL_NULL_CONVERSION = YES;
				CLANG_WARN_OBJC_IMPLICIT_RETAIN_SELF = YES;
				CLANG_WARN_OBJC_LITERAL_CONVERSION = YES;
				CLANG_WARN_OBJC_ROOT_CLASS = YES_ERROR;
				CLANG_WARN_QUOTED_INCLUDE_IN_FRAMEWORK_HEADER = YES;
				CLANG_WARN_RANGE_LOOP_ANALYSIS = YES;
				CLANG_WARN_STRICT_PROTOTYPES = YES;
				CLANG_WARN_SUSPICIOUS_MOVE = YES;
				CLANG_WARN_UNGUARDED_AVAILABILITY = YES_AGGRESSIVE;
				CLANG_WARN_UNREACHABLE_CODE = YES;
				CLANG_WARN__DUPLICATE_METHOD_MATCH = YES;
				COPY_PHASE_STRIP = NO;
				DEBUG_INFORMATION_FORMAT = dwarf;
				ENABLE_STRICT_OBJC_MSGSEND = YES;
				ENABLE_TESTABILITY = YES;
				ENABLE_USER_SCRIPT_SANDBOXING = YES;
				GCC_C_LANGUAGE_STANDARD = gnu17;
				GCC_DYNAMIC_NO_PIC = NO;
				GCC_NO_COMMON_BLOCKS = YES;
				GCC_OPTIMIZATION_LEVEL = 0;
				GCC_PREPROCESSOR_DEFINITIONS = (
					"DEBUG=1",
					"$(inherited)",
				);
				GCC_WARN_64_TO_32_BIT_CONVERSION = YES;
				GCC_WARN_ABOUT_RETURN_TYPE = YES_ERROR;
				GCC_WARN_UNDECLARED_SELECTOR = YES;
				GCC_WARN_UNINITIALIZED_AUTOS = YES_AGGRESSIVE;
				GCC_WARN_UNUSED_FUNCTION = YES;
				GCC_WARN_UNUSED_VARIABLE = YES;
				IPHONEOS_DEPLOYMENT_TARGET = 17.5;
				LOCALIZATION_PREFERS_STRING_CATALOGS = YES;
				MTL_ENABLE_DEBUG_INFO = INCLUDE_SOURCE;
				MTL_FAST_MATH = YES;
				ONLY_ACTIVE_ARCH = YES;
				SDKROOT = iphoneos;
				SWIFT_ACTIVE_COMPILATION_CONDITIONS = "DEBUG $(inherited)";
				SWIFT_OPTIMIZATION_LEVEL = "-Onone";
			};
			name = Debug;
		};
		D00A447F2C91787B00E40C3B /* Release */ = {
			isa = XCBuildConfiguration;
			buildSettings = {
				ALWAYS_SEARCH_USER_PATHS = NO;
				ASSETCATALOG_COMPILER_GENERATE_SWIFT_ASSET_SYMBOL_EXTENSIONS = YES;
				CLANG_ANALYZER_NONNULL = YES;
				CLANG_ANALYZER_NUMBER_OBJECT_CONVERSION = YES_AGGRESSIVE;
				CLANG_CXX_LANGUAGE_STANDARD = "gnu++20";
				CLANG_ENABLE_MODULES = YES;
				CLANG_ENABLE_OBJC_ARC = YES;
				CLANG_ENABLE_OBJC_WEAK = YES;
				CLANG_WARN_BLOCK_CAPTURE_AUTORELEASING = YES;
				CLANG_WARN_BOOL_CONVERSION = YES;
				CLANG_WARN_COMMA = YES;
				CLANG_WARN_CONSTANT_CONVERSION = YES;
				CLANG_WARN_DEPRECATED_OBJC_IMPLEMENTATIONS = YES;
				CLANG_WARN_DIRECT_OBJC_ISA_USAGE = YES_ERROR;
				CLANG_WARN_DOCUMENTATION_COMMENTS = YES;
				CLANG_WARN_EMPTY_BODY = YES;
				CLANG_WARN_ENUM_CONVERSION = YES;
				CLANG_WARN_INFINITE_RECURSION = YES;
				CLANG_WARN_INT_CONVERSION = YES;
				CLANG_WARN_NON_LITERAL_NULL_CONVERSION = YES;
				CLANG_WARN_OBJC_IMPLICIT_RETAIN_SELF = YES;
				CLANG_WARN_OBJC_LITERAL_CONVERSION = YES;
				CLANG_WARN_OBJC_ROOT_CLASS = YES_ERROR;
				CLANG_WARN_QUOTED_INCLUDE_IN_FRAMEWORK_HEADER = YES;
				CLANG_WARN_RANGE_LOOP_ANALYSIS = YES;
				CLANG_WARN_STRICT_PROTOTYPES = YES;
				CLANG_WARN_SUSPICIOUS_MOVE = YES;
				CLANG_WARN_UNGUARDED_AVAILABILITY = YES_AGGRESSIVE;
				CLANG_WARN_UNREACHABLE_CODE = YES;
				CLANG_WARN__DUPLICATE_METHOD_MATCH = YES;
				COPY_PHASE_STRIP = NO;
				DEBUG_INFORMATION_FORMAT = "dwarf-with-dsym";
				ENABLE_NS_ASSERTIONS = NO;
				ENABLE_STRICT_OBJC_MSGSEND = YES;
				ENABLE_USER_SCRIPT_SANDBOXING = YES;
				GCC_C_LANGUAGE_STANDARD = gnu17;
				GCC_NO_COMMON_BLOCKS = YES;
				GCC_WARN_64_TO_32_BIT_CONVERSION = YES;
				GCC_WARN_ABOUT_RETURN_TYPE = YES_ERROR;
				GCC_WARN_UNDECLARED_SELECTOR = YES;
				GCC_WARN_UNINITIALIZED_AUTOS = YES_AGGRESSIVE;
				GCC_WARN_UNUSED_FUNCTION = YES;
				GCC_WARN_UNUSED_VARIABLE = YES;
				IPHONEOS_DEPLOYMENT_TARGET = 17.5;
				LOCALIZATION_PREFERS_STRING_CATALOGS = YES;
				MTL_ENABLE_DEBUG_INFO = NO;
				MTL_FAST_MATH = YES;
				SDKROOT = iphoneos;
				SWIFT_COMPILATION_MODE = wholemodule;
				VALIDATE_PRODUCT = YES;
			};
			name = Release;
		};
		D00A44812C91787B00E40C3B /* Debug */ = {
			isa = XCBuildConfiguration;
			buildSettings = {
				ASSETCATALOG_COMPILER_APPICON_NAME = AppIcon;
				ASSETCATALOG_COMPILER_GLOBAL_ACCENT_COLOR_NAME = AccentColor;
				CODE_SIGN_STYLE = Automatic;
				CURRENT_PROJECT_VERSION = 1;
				GENERATE_INFOPLIST_FILE = YES;
				INFOPLIST_FILE = RealmKakeibo/Info.plist;
				INFOPLIST_KEY_UIApplicationSupportsIndirectInputEvents = YES;
				INFOPLIST_KEY_UILaunchStoryboardName = LaunchScreen;
				INFOPLIST_KEY_UIMainStoryboardFile = Main;
				INFOPLIST_KEY_UISupportedInterfaceOrientations_iPad = "UIInterfaceOrientationPortrait UIInterfaceOrientationPortraitUpsideDown UIInterfaceOrientationLandscapeLeft UIInterfaceOrientationLandscapeRight";
				INFOPLIST_KEY_UISupportedInterfaceOrientations_iPhone = "UIInterfaceOrientationPortrait UIInterfaceOrientationLandscapeLeft UIInterfaceOrientationLandscapeRight";
				LD_RUNPATH_SEARCH_PATHS = (
					"$(inherited)",
					"@executable_path/Frameworks",
				);
				MARKETING_VERSION = 1.0;
				PRODUCT_BUNDLE_IDENTIFIER = app.Sakashita.Yucy.RealmKakeibo;
				PRODUCT_NAME = "$(TARGET_NAME)";
				SWIFT_EMIT_LOC_STRINGS = YES;
				SWIFT_VERSION = 5.0;
				TARGETED_DEVICE_FAMILY = "1,2";
			};
			name = Debug;
		};
		D00A44822C91787B00E40C3B /* Release */ = {
			isa = XCBuildConfiguration;
			buildSettings = {
				ASSETCATALOG_COMPILER_APPICON_NAME = AppIcon;
				ASSETCATALOG_COMPILER_GLOBAL_ACCENT_COLOR_NAME = AccentColor;
				CODE_SIGN_STYLE = Automatic;
				CURRENT_PROJECT_VERSION = 1;
				GENERATE_INFOPLIST_FILE = YES;
				INFOPLIST_FILE = RealmKakeibo/Info.plist;
				INFOPLIST_KEY_UIApplicationSupportsIndirectInputEvents = YES;
				INFOPLIST_KEY_UILaunchStoryboardName = LaunchScreen;
				INFOPLIST_KEY_UIMainStoryboardFile = Main;
				INFOPLIST_KEY_UISupportedInterfaceOrientations_iPad = "UIInterfaceOrientationPortrait UIInterfaceOrientationPortraitUpsideDown UIInterfaceOrientationLandscapeLeft UIInterfaceOrientationLandscapeRight";
				INFOPLIST_KEY_UISupportedInterfaceOrientations_iPhone = "UIInterfaceOrientationPortrait UIInterfaceOrientationLandscapeLeft UIInterfaceOrientationLandscapeRight";
				LD_RUNPATH_SEARCH_PATHS = (
					"$(inherited)",
					"@executable_path/Frameworks",
				);
				MARKETING_VERSION = 1.0;
				PRODUCT_BUNDLE_IDENTIFIER = app.Sakashita.Yucy.RealmKakeibo;
				PRODUCT_NAME = "$(TARGET_NAME)";
				SWIFT_EMIT_LOC_STRINGS = YES;
				SWIFT_VERSION = 5.0;
				TARGETED_DEVICE_FAMILY = "1,2";
			};
			name = Release;
		};
/* End XCBuildConfiguration section */

/* Begin XCConfigurationList section */
		D00A44672C91787900E40C3B /* Build configuration list for PBXProject "RealmKakeibo" */ = {
			isa = XCConfigurationList;
			buildConfigurations = (
				D00A447E2C91787B00E40C3B /* Debug */,
				D00A447F2C91787B00E40C3B /* Release */,
			);
			defaultConfigurationIsVisible = 0;
			defaultConfigurationName = Release;
		};
		D00A44802C91787B00E40C3B /* Build configuration list for PBXNativeTarget "RealmKakeibo" */ = {
			isa = XCConfigurationList;
			buildConfigurations = (
				D00A44812C91787B00E40C3B /* Debug */,
				D00A44822C91787B00E40C3B /* Release */,
			);
			defaultConfigurationIsVisible = 0;
			defaultConfigurationName = Release;
		};
/* End XCConfigurationList section */

/* Begin XCLocalSwiftPackageReference section */
		D00A44832C91797400E40C3B /* XCLocalSwiftPackageReference "../../Downloads/realm-swift-master" */ = {
			isa = XCLocalSwiftPackageReference;
			relativePath = "../../Downloads/realm-swift-master";
		};
/* End XCLocalSwiftPackageReference section */

/* Begin XCSwiftPackageProductDependency section */
		D00A44862C91797400E40C3B /* RealmSwift */ = {
			isa = XCSwiftPackageProductDependency;
			productName = RealmSwift;
		};
/* End XCSwiftPackageProductDependency section */
	};
	rootObject = D00A44642C91787900E40C3B /* Project object */;
}
